// !$*UTF8*$!
{
	archiveVersion = 1;
	classes = {
	};
	objectVersion = 50;
	objects = {

/* Begin PBXBuildFile section */
		CF17D6542418D72000E680B3 /* ContentView.swift in Sources */ = {isa = PBXBuildFile; fileRef = CF17D6532418D72000E680B3 /* ContentView.swift */; };
		CF84000624139ED60089CD4F /* HealthData.h in Headers */ = {isa = PBXBuildFile; fileRef = CF84FFF624139ED60089CD4F /* HealthData.h */; settings = {ATTRIBUTES = (Public, ); }; };
		CF8400142413A0260089CD4F /* HealthKitManager.swift in Sources */ = {isa = PBXBuildFile; fileRef = CF8400132413A0260089CD4F /* HealthKitManager.swift */; };
		CF84001824150C330089CD4F /* HealthKit.framework in Frameworks */ = {isa = PBXBuildFile; fileRef = CF84001724150C330089CD4F /* HealthKit.framework */; };
		CF84001A241526C50089CD4F /* HealthKitManaging.swift in Sources */ = {isa = PBXBuildFile; fileRef = CF840019241526C50089CD4F /* HealthKitManaging.swift */; };
		CF84001C241526D80089CD4F /* RunningWorkout.swift in Sources */ = {isa = PBXBuildFile; fileRef = CF84001B241526D80089CD4F /* RunningWorkout.swift */; };
		CF84001E2415272E0089CD4F /* RunningWorkoutTests.swift in Sources */ = {isa = PBXBuildFile; fileRef = CF84001D2415272E0089CD4F /* RunningWorkoutTests.swift */; };
		CF84002124152B390089CD4F /* HealthData.framework in Frameworks */ = {isa = PBXBuildFile; fileRef = CF84FFF424139ED60089CD4F /* HealthData.framework */; };
		CF84FF79241335080089CD4F /* AppDelegate.swift in Sources */ = {isa = PBXBuildFile; fileRef = CF84FF78241335080089CD4F /* AppDelegate.swift */; };
		CF84FF7B241335080089CD4F /* SceneDelegate.swift in Sources */ = {isa = PBXBuildFile; fileRef = CF84FF7A241335080089CD4F /* SceneDelegate.swift */; };
		CF84FF82241335090089CD4F /* Assets.xcassets in Resources */ = {isa = PBXBuildFile; fileRef = CF84FF81241335090089CD4F /* Assets.xcassets */; };
		CF84FF85241335090089CD4F /* Preview Assets.xcassets in Resources */ = {isa = PBXBuildFile; fileRef = CF84FF84241335090089CD4F /* Preview Assets.xcassets */; };
		CF84FF88241335090089CD4F /* LaunchScreen.storyboard in Resources */ = {isa = PBXBuildFile; fileRef = CF84FF86241335090089CD4F /* LaunchScreen.storyboard */; };
		CF84FF93241335090089CD4F /* EliteHealthTests.swift in Sources */ = {isa = PBXBuildFile; fileRef = CF84FF92241335090089CD4F /* EliteHealthTests.swift */; };
		CF84FFD0241395E80089CD4F /* RunningInterface.framework in Frameworks */ = {isa = PBXBuildFile; fileRef = CF84FFC7241395E80089CD4F /* RunningInterface.framework */; };
		CF84FFD9241395E80089CD4F /* RunningInterface.h in Headers */ = {isa = PBXBuildFile; fileRef = CF84FFC9241395E80089CD4F /* RunningInterface.h */; settings = {ATTRIBUTES = (Public, ); }; };
		CF84FFDC241395E80089CD4F /* RunningInterface.framework in Frameworks */ = {isa = PBXBuildFile; fileRef = CF84FFC7241395E80089CD4F /* RunningInterface.framework */; };
		CF84FFE4241395F40089CD4F /* RunningSummaryView.swift in Sources */ = {isa = PBXBuildFile; fileRef = CF84FFC0241361910089CD4F /* RunningSummaryView.swift */; };
		CF84FFE62413970F0089CD4F /* DistanceFormatterTests.swift in Sources */ = {isa = PBXBuildFile; fileRef = CF84FFE52413970F0089CD4F /* DistanceFormatterTests.swift */; };
		CF84FFE8241397200089CD4F /* DistanceFormatter.swift in Sources */ = {isa = PBXBuildFile; fileRef = CF84FFE7241397200089CD4F /* DistanceFormatter.swift */; };
		CF84FFEA2413992F0089CD4F /* RunningStore.swift in Sources */ = {isa = PBXBuildFile; fileRef = CF84FFE92413992F0089CD4F /* RunningStore.swift */; };
		CF84FFEC24139A270089CD4F /* RunningSummary.swift in Sources */ = {isa = PBXBuildFile; fileRef = CF84FFEB24139A270089CD4F /* RunningSummary.swift */; };
		CF84FFEE24139B720089CD4F /* RunningFactory.swift in Sources */ = {isa = PBXBuildFile; fileRef = CF84FFED24139B720089CD4F /* RunningFactory.swift */; };
		CF84FFFD24139ED60089CD4F /* HealthData.framework in Frameworks */ = {isa = PBXBuildFile; fileRef = CF84FFF424139ED60089CD4F /* HealthData.framework */; };
		CFCF6C142418745700E8DCCD /* Common.framework in Frameworks */ = {isa = PBXBuildFile; fileRef = CFCF6C0B2418745700E8DCCD /* Common.framework */; };
		CFCF6C1D2418745700E8DCCD /* Common.h in Headers */ = {isa = PBXBuildFile; fileRef = CFCF6C0D2418745700E8DCCD /* Common.h */; settings = {ATTRIBUTES = (Public, ); }; };
		CFCF6C2A2418746B00E8DCCD /* DateExtensions.swift in Sources */ = {isa = PBXBuildFile; fileRef = CFCF6C292418746B00E8DCCD /* DateExtensions.swift */; };
		CFCF6C2C2418747900E8DCCD /* DateExtensionsTests.swift in Sources */ = {isa = PBXBuildFile; fileRef = CFCF6C2B2418747900E8DCCD /* DateExtensionsTests.swift */; };
		CFCF6C2D24187A0700E8DCCD /* Common.framework in Frameworks */ = {isa = PBXBuildFile; fileRef = CFCF6C0B2418745700E8DCCD /* Common.framework */; };
/* End PBXBuildFile section */

/* Begin PBXContainerItemProxy section */
		CF84000024139ED60089CD4F /* PBXContainerItemProxy */ = {
			isa = PBXContainerItemProxy;
			containerPortal = CF84FF6D241335080089CD4F /* Project object */;
			proxyType = 1;
			remoteGlobalIDString = CF84FF74241335080089CD4F;
			remoteInfo = EliteHealth;
		};
		CF84001F24152B340089CD4F /* PBXContainerItemProxy */ = {
			isa = PBXContainerItemProxy;
			containerPortal = CF84FF6D241335080089CD4F /* Project object */;
			proxyType = 1;
			remoteGlobalIDString = CF84FFF324139ED60089CD4F;
			remoteInfo = HealthData;
		};
		CF84FF8F241335090089CD4F /* PBXContainerItemProxy */ = {
			isa = PBXContainerItemProxy;
			containerPortal = CF84FF6D241335080089CD4F /* Project object */;
			proxyType = 1;
			remoteGlobalIDString = CF84FF74241335080089CD4F;
			remoteInfo = EliteHealth;
		};
		CF84FFD1241395E80089CD4F /* PBXContainerItemProxy */ = {
			isa = PBXContainerItemProxy;
			containerPortal = CF84FF6D241335080089CD4F /* Project object */;
			proxyType = 1;
			remoteGlobalIDString = CF84FFC6241395E80089CD4F;
			remoteInfo = RunningInterface;
		};
		CF84FFD3241395E80089CD4F /* PBXContainerItemProxy */ = {
			isa = PBXContainerItemProxy;
			containerPortal = CF84FF6D241335080089CD4F /* Project object */;
			proxyType = 1;
			remoteGlobalIDString = CF84FF74241335080089CD4F;
			remoteInfo = EliteHealth;
		};
		CF84FFDA241395E80089CD4F /* PBXContainerItemProxy */ = {
			isa = PBXContainerItemProxy;
			containerPortal = CF84FF6D241335080089CD4F /* Project object */;
			proxyType = 1;
			remoteGlobalIDString = CF84FFC6241395E80089CD4F;
			remoteInfo = RunningInterface;
		};
		CF84FFFE24139ED60089CD4F /* PBXContainerItemProxy */ = {
			isa = PBXContainerItemProxy;
			containerPortal = CF84FF6D241335080089CD4F /* Project object */;
			proxyType = 1;
			remoteGlobalIDString = CF84FFF324139ED60089CD4F;
			remoteInfo = HealthData;
		};
		CFCF6C152418745700E8DCCD /* PBXContainerItemProxy */ = {
			isa = PBXContainerItemProxy;
			containerPortal = CF84FF6D241335080089CD4F /* Project object */;
			proxyType = 1;
			remoteGlobalIDString = CFCF6C0A2418745700E8DCCD;
			remoteInfo = Common;
		};
		CFCF6C172418745700E8DCCD /* PBXContainerItemProxy */ = {
			isa = PBXContainerItemProxy;
			containerPortal = CF84FF6D241335080089CD4F /* Project object */;
			proxyType = 1;
			remoteGlobalIDString = CF84FF74241335080089CD4F;
			remoteInfo = EliteHealth;
		};
		CFCF6C2E24187A0B00E8DCCD /* PBXContainerItemProxy */ = {
			isa = PBXContainerItemProxy;
			containerPortal = CF84FF6D241335080089CD4F /* Project object */;
			proxyType = 1;
			remoteGlobalIDString = CFCF6C0A2418745700E8DCCD;
			remoteInfo = Common;
		};
/* End PBXContainerItemProxy section */

/* Begin PBXFileReference section */
		CF17D6532418D72000E680B3 /* ContentView.swift */ = {isa = PBXFileReference; lastKnownFileType = sourcecode.swift; path = ContentView.swift; sourceTree = "<group>"; };
		CF84000524139ED60089CD4F /* Info.plist */ = {isa = PBXFileReference; lastKnownFileType = text.plist.xml; path = Info.plist; sourceTree = "<group>"; };
		CF84001224139F100089CD4F /* Framework.xcconfig */ = {isa = PBXFileReference; lastKnownFileType = text.xcconfig; path = Framework.xcconfig; sourceTree = "<group>"; };
		CF8400132413A0260089CD4F /* HealthKitManager.swift */ = {isa = PBXFileReference; lastKnownFileType = sourcecode.swift; path = HealthKitManager.swift; sourceTree = "<group>"; };
		CF84001524150C330089CD4F /* EliteHealth.entitlements */ = {isa = PBXFileReference; lastKnownFileType = text.plist.entitlements; path = EliteHealth.entitlements; sourceTree = "<group>"; };
		CF84001724150C330089CD4F /* HealthKit.framework */ = {isa = PBXFileReference; lastKnownFileType = wrapper.framework; name = HealthKit.framework; path = System/Library/Frameworks/HealthKit.framework; sourceTree = SDKROOT; };
		CF840019241526C50089CD4F /* HealthKitManaging.swift */ = {isa = PBXFileReference; lastKnownFileType = sourcecode.swift; path = HealthKitManaging.swift; sourceTree = "<group>"; };
		CF84001B241526D80089CD4F /* RunningWorkout.swift */ = {isa = PBXFileReference; lastKnownFileType = sourcecode.swift; path = RunningWorkout.swift; sourceTree = "<group>"; };
		CF84001D2415272E0089CD4F /* RunningWorkoutTests.swift */ = {isa = PBXFileReference; lastKnownFileType = sourcecode.swift; path = RunningWorkoutTests.swift; sourceTree = "<group>"; };
		CF84FF75241335080089CD4F /* EliteHealth.app */ = {isa = PBXFileReference; explicitFileType = wrapper.application; includeInIndex = 0; path = EliteHealth.app; sourceTree = BUILT_PRODUCTS_DIR; };
		CF84FF78241335080089CD4F /* AppDelegate.swift */ = {isa = PBXFileReference; lastKnownFileType = sourcecode.swift; path = AppDelegate.swift; sourceTree = "<group>"; };
		CF84FF7A241335080089CD4F /* SceneDelegate.swift */ = {isa = PBXFileReference; lastKnownFileType = sourcecode.swift; path = SceneDelegate.swift; sourceTree = "<group>"; };
		CF84FF81241335090089CD4F /* Assets.xcassets */ = {isa = PBXFileReference; lastKnownFileType = folder.assetcatalog; path = Assets.xcassets; sourceTree = "<group>"; };
		CF84FF84241335090089CD4F /* Preview Assets.xcassets */ = {isa = PBXFileReference; lastKnownFileType = folder.assetcatalog; path = "Preview Assets.xcassets"; sourceTree = "<group>"; };
		CF84FF87241335090089CD4F /* Base */ = {isa = PBXFileReference; lastKnownFileType = file.storyboard; name = Base; path = Base.lproj/LaunchScreen.storyboard; sourceTree = "<group>"; };
		CF84FF89241335090089CD4F /* Info.plist */ = {isa = PBXFileReference; lastKnownFileType = text.plist.xml; path = Info.plist; sourceTree = "<group>"; };
		CF84FF8E241335090089CD4F /* EliteHealthTests.xctest */ = {isa = PBXFileReference; explicitFileType = wrapper.cfbundle; includeInIndex = 0; path = EliteHealthTests.xctest; sourceTree = BUILT_PRODUCTS_DIR; };
		CF84FF92241335090089CD4F /* EliteHealthTests.swift */ = {isa = PBXFileReference; lastKnownFileType = sourcecode.swift; path = EliteHealthTests.swift; sourceTree = "<group>"; };
		CF84FF94241335090089CD4F /* Info.plist */ = {isa = PBXFileReference; lastKnownFileType = text.plist.xml; path = Info.plist; sourceTree = "<group>"; };
		CF84FFC0241361910089CD4F /* RunningSummaryView.swift */ = {isa = PBXFileReference; lastKnownFileType = sourcecode.swift; path = RunningSummaryView.swift; sourceTree = "<group>"; };
		CF84FFC7241395E80089CD4F /* RunningInterface.framework */ = {isa = PBXFileReference; explicitFileType = wrapper.framework; includeInIndex = 0; path = RunningInterface.framework; sourceTree = BUILT_PRODUCTS_DIR; };
		CF84FFC9241395E80089CD4F /* RunningInterface.h */ = {isa = PBXFileReference; lastKnownFileType = sourcecode.c.h; path = RunningInterface.h; sourceTree = "<group>"; };
		CF84FFCA241395E80089CD4F /* Info.plist */ = {isa = PBXFileReference; lastKnownFileType = text.plist.xml; path = Info.plist; sourceTree = "<group>"; };
		CF84FFCF241395E80089CD4F /* RunningInterfaceTests.xctest */ = {isa = PBXFileReference; explicitFileType = wrapper.cfbundle; includeInIndex = 0; path = RunningInterfaceTests.xctest; sourceTree = BUILT_PRODUCTS_DIR; };
		CF84FFD8241395E80089CD4F /* Info.plist */ = {isa = PBXFileReference; lastKnownFileType = text.plist.xml; path = Info.plist; sourceTree = "<group>"; };
		CF84FFE52413970F0089CD4F /* DistanceFormatterTests.swift */ = {isa = PBXFileReference; lastKnownFileType = sourcecode.swift; path = DistanceFormatterTests.swift; sourceTree = "<group>"; };
		CF84FFE7241397200089CD4F /* DistanceFormatter.swift */ = {isa = PBXFileReference; lastKnownFileType = sourcecode.swift; path = DistanceFormatter.swift; sourceTree = "<group>"; };
		CF84FFE92413992F0089CD4F /* RunningStore.swift */ = {isa = PBXFileReference; lastKnownFileType = sourcecode.swift; path = RunningStore.swift; sourceTree = "<group>"; };
		CF84FFEB24139A270089CD4F /* RunningSummary.swift */ = {isa = PBXFileReference; lastKnownFileType = sourcecode.swift; path = RunningSummary.swift; sourceTree = "<group>"; };
		CF84FFED24139B720089CD4F /* RunningFactory.swift */ = {isa = PBXFileReference; lastKnownFileType = sourcecode.swift; path = RunningFactory.swift; sourceTree = "<group>"; };
		CF84FFF424139ED60089CD4F /* HealthData.framework */ = {isa = PBXFileReference; explicitFileType = wrapper.framework; includeInIndex = 0; path = HealthData.framework; sourceTree = BUILT_PRODUCTS_DIR; };
		CF84FFF624139ED60089CD4F /* HealthData.h */ = {isa = PBXFileReference; lastKnownFileType = sourcecode.c.h; path = HealthData.h; sourceTree = "<group>"; };
		CF84FFF724139ED60089CD4F /* Info.plist */ = {isa = PBXFileReference; lastKnownFileType = text.plist.xml; path = Info.plist; sourceTree = "<group>"; };
		CF84FFFC24139ED60089CD4F /* HealthDataTests.xctest */ = {isa = PBXFileReference; explicitFileType = wrapper.cfbundle; includeInIndex = 0; path = HealthDataTests.xctest; sourceTree = BUILT_PRODUCTS_DIR; };
		CFCF6C0B2418745700E8DCCD /* Common.framework */ = {isa = PBXFileReference; explicitFileType = wrapper.framework; includeInIndex = 0; path = Common.framework; sourceTree = BUILT_PRODUCTS_DIR; };
		CFCF6C0D2418745700E8DCCD /* Common.h */ = {isa = PBXFileReference; lastKnownFileType = sourcecode.c.h; path = Common.h; sourceTree = "<group>"; };
		CFCF6C0E2418745700E8DCCD /* Info.plist */ = {isa = PBXFileReference; lastKnownFileType = text.plist.xml; path = Info.plist; sourceTree = "<group>"; };
		CFCF6C132418745700E8DCCD /* CommonTests.xctest */ = {isa = PBXFileReference; explicitFileType = wrapper.cfbundle; includeInIndex = 0; path = CommonTests.xctest; sourceTree = BUILT_PRODUCTS_DIR; };
		CFCF6C1C2418745700E8DCCD /* Info.plist */ = {isa = PBXFileReference; lastKnownFileType = text.plist.xml; path = Info.plist; sourceTree = "<group>"; };
		CFCF6C292418746B00E8DCCD /* DateExtensions.swift */ = {isa = PBXFileReference; lastKnownFileType = sourcecode.swift; path = DateExtensions.swift; sourceTree = "<group>"; };
		CFCF6C2B2418747900E8DCCD /* DateExtensionsTests.swift */ = {isa = PBXFileReference; lastKnownFileType = sourcecode.swift; path = DateExtensionsTests.swift; sourceTree = "<group>"; };
/* End PBXFileReference section */

/* Begin PBXFrameworksBuildPhase section */
		CF84FF72241335080089CD4F /* Frameworks */ = {
			isa = PBXFrameworksBuildPhase;
			buildActionMask = 2147483647;
			files = (
				CF84001824150C330089CD4F /* HealthKit.framework in Frameworks */,
				CF84FFDC241395E80089CD4F /* RunningInterface.framework in Frameworks */,
			);
			runOnlyForDeploymentPostprocessing = 0;
		};
		CF84FF8B241335090089CD4F /* Frameworks */ = {
			isa = PBXFrameworksBuildPhase;
			buildActionMask = 2147483647;
			files = (
			);
			runOnlyForDeploymentPostprocessing = 0;
		};
		CF84FFC4241395E80089CD4F /* Frameworks */ = {
			isa = PBXFrameworksBuildPhase;
			buildActionMask = 2147483647;
			files = (
				CFCF6C2D24187A0700E8DCCD /* Common.framework in Frameworks */,
				CF84002124152B390089CD4F /* HealthData.framework in Frameworks */,
			);
			runOnlyForDeploymentPostprocessing = 0;
		};
		CF84FFCC241395E80089CD4F /* Frameworks */ = {
			isa = PBXFrameworksBuildPhase;
			buildActionMask = 2147483647;
			files = (
				CF84FFD0241395E80089CD4F /* RunningInterface.framework in Frameworks */,
			);
			runOnlyForDeploymentPostprocessing = 0;
		};
		CF84FFF124139ED60089CD4F /* Frameworks */ = {
			isa = PBXFrameworksBuildPhase;
			buildActionMask = 2147483647;
			files = (
			);
			runOnlyForDeploymentPostprocessing = 0;
		};
		CF84FFF924139ED60089CD4F /* Frameworks */ = {
			isa = PBXFrameworksBuildPhase;
			buildActionMask = 2147483647;
			files = (
				CF84FFFD24139ED60089CD4F /* HealthData.framework in Frameworks */,
			);
			runOnlyForDeploymentPostprocessing = 0;
		};
		CFCF6C082418745700E8DCCD /* Frameworks */ = {
			isa = PBXFrameworksBuildPhase;
			buildActionMask = 2147483647;
			files = (
			);
			runOnlyForDeploymentPostprocessing = 0;
		};
		CFCF6C102418745700E8DCCD /* Frameworks */ = {
			isa = PBXFrameworksBuildPhase;
			buildActionMask = 2147483647;
			files = (
				CFCF6C142418745700E8DCCD /* Common.framework in Frameworks */,
			);
			runOnlyForDeploymentPostprocessing = 0;
		};
/* End PBXFrameworksBuildPhase section */

/* Begin PBXGroup section */
		CF84000224139ED60089CD4F /* HealthDataTests */ = {
			isa = PBXGroup;
			children = (
				CF84000524139ED60089CD4F /* Info.plist */,
				CF84001D2415272E0089CD4F /* RunningWorkoutTests.swift */,
			);
			path = HealthDataTests;
			sourceTree = "<group>";
		};
		CF84001124139EF40089CD4F /* xcconfig */ = {
			isa = PBXGroup;
			children = (
				CF84001224139F100089CD4F /* Framework.xcconfig */,
			);
			path = xcconfig;
			sourceTree = "<group>";
		};
		CF84001624150C330089CD4F /* Frameworks */ = {
			isa = PBXGroup;
			children = (
				CF84001724150C330089CD4F /* HealthKit.framework */,
			);
			name = Frameworks;
			sourceTree = "<group>";
		};
		CF84FF6C241335080089CD4F = {
			isa = PBXGroup;
			children = (
				CF84001124139EF40089CD4F /* xcconfig */,
				CF84FF77241335080089CD4F /* EliteHealth */,
				CF84FF91241335090089CD4F /* EliteHealthTests */,
				CF84FFC8241395E80089CD4F /* RunningInterface */,
				CF84FFD5241395E80089CD4F /* RunningInterfaceTests */,
				CF84FFF524139ED60089CD4F /* HealthData */,
				CF84000224139ED60089CD4F /* HealthDataTests */,
				CFCF6C0C2418745700E8DCCD /* Common */,
				CFCF6C192418745700E8DCCD /* CommonTests */,
				CF84FF76241335080089CD4F /* Products */,
				CF84001624150C330089CD4F /* Frameworks */,
			);
			sourceTree = "<group>";
		};
		CF84FF76241335080089CD4F /* Products */ = {
			isa = PBXGroup;
			children = (
				CF84FF75241335080089CD4F /* EliteHealth.app */,
				CF84FF8E241335090089CD4F /* EliteHealthTests.xctest */,
				CF84FFC7241395E80089CD4F /* RunningInterface.framework */,
				CF84FFCF241395E80089CD4F /* RunningInterfaceTests.xctest */,
				CF84FFF424139ED60089CD4F /* HealthData.framework */,
				CF84FFFC24139ED60089CD4F /* HealthDataTests.xctest */,
				CFCF6C0B2418745700E8DCCD /* Common.framework */,
				CFCF6C132418745700E8DCCD /* CommonTests.xctest */,
			);
			name = Products;
			sourceTree = "<group>";
		};
		CF84FF77241335080089CD4F /* EliteHealth */ = {
			isa = PBXGroup;
			children = (
				CF84001524150C330089CD4F /* EliteHealth.entitlements */,
				CF84FF78241335080089CD4F /* AppDelegate.swift */,
				CF84FF7A241335080089CD4F /* SceneDelegate.swift */,
				CF84FF81241335090089CD4F /* Assets.xcassets */,
				CF84FF86241335090089CD4F /* LaunchScreen.storyboard */,
				CF84FF89241335090089CD4F /* Info.plist */,
				CF84FF83241335090089CD4F /* Preview Content */,
				CF17D6532418D72000E680B3 /* ContentView.swift */,
			);
			path = EliteHealth;
			sourceTree = "<group>";
		};
		CF84FF83241335090089CD4F /* Preview Content */ = {
			isa = PBXGroup;
			children = (
				CF84FF84241335090089CD4F /* Preview Assets.xcassets */,
			);
			path = "Preview Content";
			sourceTree = "<group>";
		};
		CF84FF91241335090089CD4F /* EliteHealthTests */ = {
			isa = PBXGroup;
			children = (
				CF84FF92241335090089CD4F /* EliteHealthTests.swift */,
				CF84FF94241335090089CD4F /* Info.plist */,
			);
			path = EliteHealthTests;
			sourceTree = "<group>";
		};
		CF84FFC8241395E80089CD4F /* RunningInterface */ = {
			isa = PBXGroup;
			children = (
				CF84FFCA241395E80089CD4F /* Info.plist */,
				CF84FFC9241395E80089CD4F /* RunningInterface.h */,
				CF84FFC0241361910089CD4F /* RunningSummaryView.swift */,
				CF84FFE7241397200089CD4F /* DistanceFormatter.swift */,
				CF84FFE92413992F0089CD4F /* RunningStore.swift */,
				CF84FFEB24139A270089CD4F /* RunningSummary.swift */,
				CF84FFED24139B720089CD4F /* RunningFactory.swift */,
			);
			path = RunningInterface;
			sourceTree = "<group>";
		};
		CF84FFD5241395E80089CD4F /* RunningInterfaceTests */ = {
			isa = PBXGroup;
			children = (
				CF84FFD8241395E80089CD4F /* Info.plist */,
				CF84FFE52413970F0089CD4F /* DistanceFormatterTests.swift */,
			);
			path = RunningInterfaceTests;
			sourceTree = "<group>";
		};
		CF84FFF524139ED60089CD4F /* HealthData */ = {
			isa = PBXGroup;
			children = (
				CF84FFF624139ED60089CD4F /* HealthData.h */,
				CF84FFF724139ED60089CD4F /* Info.plist */,
				CF84001B241526D80089CD4F /* RunningWorkout.swift */,
				CF840019241526C50089CD4F /* HealthKitManaging.swift */,
				CF8400132413A0260089CD4F /* HealthKitManager.swift */,
			);
			path = HealthData;
			sourceTree = "<group>";
		};
		CFCF6C0C2418745700E8DCCD /* Common */ = {
			isa = PBXGroup;
			children = (
				CFCF6C0D2418745700E8DCCD /* Common.h */,
				CFCF6C0E2418745700E8DCCD /* Info.plist */,
				CFCF6C292418746B00E8DCCD /* DateExtensions.swift */,
			);
			path = Common;
			sourceTree = "<group>";
		};
		CFCF6C192418745700E8DCCD /* CommonTests */ = {
			isa = PBXGroup;
			children = (
				CFCF6C1C2418745700E8DCCD /* Info.plist */,
				CFCF6C2B2418747900E8DCCD /* DateExtensionsTests.swift */,
			);
			path = CommonTests;
			sourceTree = "<group>";
		};
/* End PBXGroup section */

/* Begin PBXHeadersBuildPhase section */
		CF84FFC2241395E80089CD4F /* Headers */ = {
			isa = PBXHeadersBuildPhase;
			buildActionMask = 2147483647;
			files = (
				CF84FFD9241395E80089CD4F /* RunningInterface.h in Headers */,
			);
			runOnlyForDeploymentPostprocessing = 0;
		};
		CF84FFEF24139ED60089CD4F /* Headers */ = {
			isa = PBXHeadersBuildPhase;
			buildActionMask = 2147483647;
			files = (
				CF84000624139ED60089CD4F /* HealthData.h in Headers */,
			);
			runOnlyForDeploymentPostprocessing = 0;
		};
		CFCF6C062418745700E8DCCD /* Headers */ = {
			isa = PBXHeadersBuildPhase;
			buildActionMask = 2147483647;
			files = (
				CFCF6C1D2418745700E8DCCD /* Common.h in Headers */,
			);
			runOnlyForDeploymentPostprocessing = 0;
		};
/* End PBXHeadersBuildPhase section */

/* Begin PBXNativeTarget section */
		CF84FF74241335080089CD4F /* EliteHealth */ = {
			isa = PBXNativeTarget;
			buildConfigurationList = CF84FF97241335090089CD4F /* Build configuration list for PBXNativeTarget "EliteHealth" */;
			buildPhases = (
				CF84FF71241335080089CD4F /* Sources */,
				CF84FF72241335080089CD4F /* Frameworks */,
				CF84FF73241335080089CD4F /* Resources */,
			);
			buildRules = (
			);
			dependencies = (
				CF84FFDB241395E80089CD4F /* PBXTargetDependency */,
			);
			name = EliteHealth;
			productName = EliteHealth;
			productReference = CF84FF75241335080089CD4F /* EliteHealth.app */;
			productType = "com.apple.product-type.application";
		};
		CF84FF8D241335090089CD4F /* EliteHealthTests */ = {
			isa = PBXNativeTarget;
			buildConfigurationList = CF84FF9A241335090089CD4F /* Build configuration list for PBXNativeTarget "EliteHealthTests" */;
			buildPhases = (
				CF84FF8A241335090089CD4F /* Sources */,
				CF84FF8B241335090089CD4F /* Frameworks */,
				CF84FF8C241335090089CD4F /* Resources */,
			);
			buildRules = (
			);
			dependencies = (
				CF84FF90241335090089CD4F /* PBXTargetDependency */,
			);
			name = EliteHealthTests;
			productName = EliteHealthTests;
			productReference = CF84FF8E241335090089CD4F /* EliteHealthTests.xctest */;
			productType = "com.apple.product-type.bundle.unit-test";
		};
		CF84FFC6241395E80089CD4F /* RunningInterface */ = {
			isa = PBXNativeTarget;
			buildConfigurationList = CF84FFDE241395E80089CD4F /* Build configuration list for PBXNativeTarget "RunningInterface" */;
			buildPhases = (
				CF84FFC2241395E80089CD4F /* Headers */,
				CF84FFC3241395E80089CD4F /* Sources */,
				CF84FFC4241395E80089CD4F /* Frameworks */,
				CF84FFC5241395E80089CD4F /* Resources */,
			);
			buildRules = (
			);
			dependencies = (
				CFCF6C2F24187A0B00E8DCCD /* PBXTargetDependency */,
				CF84002024152B340089CD4F /* PBXTargetDependency */,
			);
			name = RunningInterface;
			productName = RunningInterface;
			productReference = CF84FFC7241395E80089CD4F /* RunningInterface.framework */;
			productType = "com.apple.product-type.framework";
		};
		CF84FFCE241395E80089CD4F /* RunningInterfaceTests */ = {
			isa = PBXNativeTarget;
			buildConfigurationList = CF84FFE1241395E90089CD4F /* Build configuration list for PBXNativeTarget "RunningInterfaceTests" */;
			buildPhases = (
				CF84FFCB241395E80089CD4F /* Sources */,
				CF84FFCC241395E80089CD4F /* Frameworks */,
				CF84FFCD241395E80089CD4F /* Resources */,
			);
			buildRules = (
			);
			dependencies = (
				CF84FFD2241395E80089CD4F /* PBXTargetDependency */,
				CF84FFD4241395E80089CD4F /* PBXTargetDependency */,
			);
			name = RunningInterfaceTests;
			productName = RunningInterfaceTests;
			productReference = CF84FFCF241395E80089CD4F /* RunningInterfaceTests.xctest */;
			productType = "com.apple.product-type.bundle.unit-test";
		};
		CF84FFF324139ED60089CD4F /* HealthData */ = {
			isa = PBXNativeTarget;
			buildConfigurationList = CF84000B24139ED60089CD4F /* Build configuration list for PBXNativeTarget "HealthData" */;
			buildPhases = (
				CF84FFEF24139ED60089CD4F /* Headers */,
				CF84FFF024139ED60089CD4F /* Sources */,
				CF84FFF124139ED60089CD4F /* Frameworks */,
				CF84FFF224139ED60089CD4F /* Resources */,
			);
			buildRules = (
			);
			dependencies = (
			);
			name = HealthData;
			productName = HealthData;
			productReference = CF84FFF424139ED60089CD4F /* HealthData.framework */;
			productType = "com.apple.product-type.framework";
		};
		CF84FFFB24139ED60089CD4F /* HealthDataTests */ = {
			isa = PBXNativeTarget;
			buildConfigurationList = CF84000E24139ED60089CD4F /* Build configuration list for PBXNativeTarget "HealthDataTests" */;
			buildPhases = (
				CF84FFF824139ED60089CD4F /* Sources */,
				CF84FFF924139ED60089CD4F /* Frameworks */,
				CF84FFFA24139ED60089CD4F /* Resources */,
			);
			buildRules = (
			);
			dependencies = (
				CF84FFFF24139ED60089CD4F /* PBXTargetDependency */,
				CF84000124139ED60089CD4F /* PBXTargetDependency */,
			);
			name = HealthDataTests;
			productName = HealthDataTests;
			productReference = CF84FFFC24139ED60089CD4F /* HealthDataTests.xctest */;
			productType = "com.apple.product-type.bundle.unit-test";
		};
		CFCF6C0A2418745700E8DCCD /* Common */ = {
			isa = PBXNativeTarget;
			buildConfigurationList = CFCF6C272418745700E8DCCD /* Build configuration list for PBXNativeTarget "Common" */;
			buildPhases = (
				CFCF6C062418745700E8DCCD /* Headers */,
				CFCF6C072418745700E8DCCD /* Sources */,
				CFCF6C082418745700E8DCCD /* Frameworks */,
				CFCF6C092418745700E8DCCD /* Resources */,
			);
			buildRules = (
			);
			dependencies = (
			);
			name = Common;
			productName = Common;
			productReference = CFCF6C0B2418745700E8DCCD /* Common.framework */;
			productType = "com.apple.product-type.framework";
		};
		CFCF6C122418745700E8DCCD /* CommonTests */ = {
			isa = PBXNativeTarget;
			buildConfigurationList = CFCF6C282418745700E8DCCD /* Build configuration list for PBXNativeTarget "CommonTests" */;
			buildPhases = (
				CFCF6C0F2418745700E8DCCD /* Sources */,
				CFCF6C102418745700E8DCCD /* Frameworks */,
				CFCF6C112418745700E8DCCD /* Resources */,
			);
			buildRules = (
			);
			dependencies = (
				CFCF6C162418745700E8DCCD /* PBXTargetDependency */,
				CFCF6C182418745700E8DCCD /* PBXTargetDependency */,
			);
			name = CommonTests;
			productName = CommonTests;
			productReference = CFCF6C132418745700E8DCCD /* CommonTests.xctest */;
			productType = "com.apple.product-type.bundle.unit-test";
		};
/* End PBXNativeTarget section */

/* Begin PBXProject section */
		CF84FF6D241335080089CD4F /* Project object */ = {
			isa = PBXProject;
			attributes = {
				LastSwiftUpdateCheck = 1130;
				LastUpgradeCheck = 1130;
				ORGANIZATIONNAME = "Khanh Pham";
				TargetAttributes = {
					CF84FF74241335080089CD4F = {
						CreatedOnToolsVersion = 11.3.1;
					};
					CF84FF8D241335090089CD4F = {
						CreatedOnToolsVersion = 11.3.1;
						TestTargetID = CF84FF74241335080089CD4F;
					};
					CF84FFC6241395E80089CD4F = {
						CreatedOnToolsVersion = 11.3.1;
					};
					CF84FFCE241395E80089CD4F = {
						CreatedOnToolsVersion = 11.3.1;
						LastSwiftMigration = 1130;
						TestTargetID = CF84FF74241335080089CD4F;
					};
					CF84FFF324139ED60089CD4F = {
						CreatedOnToolsVersion = 11.3.1;
						LastSwiftMigration = 1130;
					};
					CF84FFFB24139ED60089CD4F = {
						CreatedOnToolsVersion = 11.3.1;
						LastSwiftMigration = 1130;
						TestTargetID = CF84FF74241335080089CD4F;
					};
					CFCF6C0A2418745700E8DCCD = {
						CreatedOnToolsVersion = 11.3.1;
						LastSwiftMigration = 1130;
					};
					CFCF6C122418745700E8DCCD = {
						CreatedOnToolsVersion = 11.3.1;
						TestTargetID = CF84FF74241335080089CD4F;
					};
				};
			};
			buildConfigurationList = CF84FF70241335080089CD4F /* Build configuration list for PBXProject "EliteHealth" */;
			compatibilityVersion = "Xcode 9.3";
			developmentRegion = en;
			hasScannedForEncodings = 0;
			knownRegions = (
				en,
				Base,
			);
			mainGroup = CF84FF6C241335080089CD4F;
			productRefGroup = CF84FF76241335080089CD4F /* Products */;
			projectDirPath = "";
			projectRoot = "";
			targets = (
				CF84FF74241335080089CD4F /* EliteHealth */,
				CF84FF8D241335090089CD4F /* EliteHealthTests */,
				CF84FFC6241395E80089CD4F /* RunningInterface */,
				CF84FFCE241395E80089CD4F /* RunningInterfaceTests */,
				CF84FFF324139ED60089CD4F /* HealthData */,
				CF84FFFB24139ED60089CD4F /* HealthDataTests */,
				CFCF6C0A2418745700E8DCCD /* Common */,
				CFCF6C122418745700E8DCCD /* CommonTests */,
			);
		};
/* End PBXProject section */

/* Begin PBXResourcesBuildPhase section */
		CF84FF73241335080089CD4F /* Resources */ = {
			isa = PBXResourcesBuildPhase;
			buildActionMask = 2147483647;
			files = (
				CF84FF88241335090089CD4F /* LaunchScreen.storyboard in Resources */,
				CF84FF85241335090089CD4F /* Preview Assets.xcassets in Resources */,
				CF84FF82241335090089CD4F /* Assets.xcassets in Resources */,
			);
			runOnlyForDeploymentPostprocessing = 0;
		};
		CF84FF8C241335090089CD4F /* Resources */ = {
			isa = PBXResourcesBuildPhase;
			buildActionMask = 2147483647;
			files = (
			);
			runOnlyForDeploymentPostprocessing = 0;
		};
		CF84FFC5241395E80089CD4F /* Resources */ = {
			isa = PBXResourcesBuildPhase;
			buildActionMask = 2147483647;
			files = (
			);
			runOnlyForDeploymentPostprocessing = 0;
		};
		CF84FFCD241395E80089CD4F /* Resources */ = {
			isa = PBXResourcesBuildPhase;
			buildActionMask = 2147483647;
			files = (
			);
			runOnlyForDeploymentPostprocessing = 0;
		};
		CF84FFF224139ED60089CD4F /* Resources */ = {
			isa = PBXResourcesBuildPhase;
			buildActionMask = 2147483647;
			files = (
			);
			runOnlyForDeploymentPostprocessing = 0;
		};
		CF84FFFA24139ED60089CD4F /* Resources */ = {
			isa = PBXResourcesBuildPhase;
			buildActionMask = 2147483647;
			files = (
			);
			runOnlyForDeploymentPostprocessing = 0;
		};
		CFCF6C092418745700E8DCCD /* Resources */ = {
			isa = PBXResourcesBuildPhase;
			buildActionMask = 2147483647;
			files = (
			);
			runOnlyForDeploymentPostprocessing = 0;
		};
		CFCF6C112418745700E8DCCD /* Resources */ = {
			isa = PBXResourcesBuildPhase;
			buildActionMask = 2147483647;
			files = (
			);
			runOnlyForDeploymentPostprocessing = 0;
		};
/* End PBXResourcesBuildPhase section */

/* Begin PBXSourcesBuildPhase section */
		CF84FF71241335080089CD4F /* Sources */ = {
			isa = PBXSourcesBuildPhase;
			buildActionMask = 2147483647;
			files = (
				CF84FF79241335080089CD4F /* AppDelegate.swift in Sources */,
				CF84FF7B241335080089CD4F /* SceneDelegate.swift in Sources */,
				CF17D6542418D72000E680B3 /* ContentView.swift in Sources */,
			);
			runOnlyForDeploymentPostprocessing = 0;
		};
		CF84FF8A241335090089CD4F /* Sources */ = {
			isa = PBXSourcesBuildPhase;
			buildActionMask = 2147483647;
			files = (
				CF84FF93241335090089CD4F /* EliteHealthTests.swift in Sources */,
			);
			runOnlyForDeploymentPostprocessing = 0;
		};
		CF84FFC3241395E80089CD4F /* Sources */ = {
			isa = PBXSourcesBuildPhase;
			buildActionMask = 2147483647;
			files = (
				CF84FFEA2413992F0089CD4F /* RunningStore.swift in Sources */,
				CF84FFE4241395F40089CD4F /* RunningSummaryView.swift in Sources */,
				CF84FFEE24139B720089CD4F /* RunningFactory.swift in Sources */,
				CF84FFEC24139A270089CD4F /* RunningSummary.swift in Sources */,
				CF84FFE8241397200089CD4F /* DistanceFormatter.swift in Sources */,
			);
			runOnlyForDeploymentPostprocessing = 0;
		};
		CF84FFCB241395E80089CD4F /* Sources */ = {
			isa = PBXSourcesBuildPhase;
			buildActionMask = 2147483647;
			files = (
				CF84FFE62413970F0089CD4F /* DistanceFormatterTests.swift in Sources */,
			);
			runOnlyForDeploymentPostprocessing = 0;
		};
		CF84FFF024139ED60089CD4F /* Sources */ = {
			isa = PBXSourcesBuildPhase;
			buildActionMask = 2147483647;
			files = (
				CF84001C241526D80089CD4F /* RunningWorkout.swift in Sources */,
				CF84001A241526C50089CD4F /* HealthKitManaging.swift in Sources */,
				CF8400142413A0260089CD4F /* HealthKitManager.swift in Sources */,
			);
			runOnlyForDeploymentPostprocessing = 0;
		};
		CF84FFF824139ED60089CD4F /* Sources */ = {
			isa = PBXSourcesBuildPhase;
			buildActionMask = 2147483647;
			files = (
				CF84001E2415272E0089CD4F /* RunningWorkoutTests.swift in Sources */,
			);
			runOnlyForDeploymentPostprocessing = 0;
		};
		CFCF6C072418745700E8DCCD /* Sources */ = {
			isa = PBXSourcesBuildPhase;
			buildActionMask = 2147483647;
			files = (
				CFCF6C2A2418746B00E8DCCD /* DateExtensions.swift in Sources */,
			);
			runOnlyForDeploymentPostprocessing = 0;
		};
		CFCF6C0F2418745700E8DCCD /* Sources */ = {
			isa = PBXSourcesBuildPhase;
			buildActionMask = 2147483647;
			files = (
				CFCF6C2C2418747900E8DCCD /* DateExtensionsTests.swift in Sources */,
			);
			runOnlyForDeploymentPostprocessing = 0;
		};
/* End PBXSourcesBuildPhase section */

/* Begin PBXTargetDependency section */
		CF84000124139ED60089CD4F /* PBXTargetDependency */ = {
			isa = PBXTargetDependency;
			target = CF84FF74241335080089CD4F /* EliteHealth */;
			targetProxy = CF84000024139ED60089CD4F /* PBXContainerItemProxy */;
		};
		CF84002024152B340089CD4F /* PBXTargetDependency */ = {
			isa = PBXTargetDependency;
			target = CF84FFF324139ED60089CD4F /* HealthData */;
			targetProxy = CF84001F24152B340089CD4F /* PBXContainerItemProxy */;
		};
		CF84FF90241335090089CD4F /* PBXTargetDependency */ = {
			isa = PBXTargetDependency;
			target = CF84FF74241335080089CD4F /* EliteHealth */;
			targetProxy = CF84FF8F241335090089CD4F /* PBXContainerItemProxy */;
		};
		CF84FFD2241395E80089CD4F /* PBXTargetDependency */ = {
			isa = PBXTargetDependency;
			target = CF84FFC6241395E80089CD4F /* RunningInterface */;
			targetProxy = CF84FFD1241395E80089CD4F /* PBXContainerItemProxy */;
		};
		CF84FFD4241395E80089CD4F /* PBXTargetDependency */ = {
			isa = PBXTargetDependency;
			target = CF84FF74241335080089CD4F /* EliteHealth */;
			targetProxy = CF84FFD3241395E80089CD4F /* PBXContainerItemProxy */;
		};
		CF84FFDB241395E80089CD4F /* PBXTargetDependency */ = {
			isa = PBXTargetDependency;
			target = CF84FFC6241395E80089CD4F /* RunningInterface */;
			targetProxy = CF84FFDA241395E80089CD4F /* PBXContainerItemProxy */;
		};
		CF84FFFF24139ED60089CD4F /* PBXTargetDependency */ = {
			isa = PBXTargetDependency;
			target = CF84FFF324139ED60089CD4F /* HealthData */;
			targetProxy = CF84FFFE24139ED60089CD4F /* PBXContainerItemProxy */;
		};
		CFCF6C162418745700E8DCCD /* PBXTargetDependency */ = {
			isa = PBXTargetDependency;
			target = CFCF6C0A2418745700E8DCCD /* Common */;
			targetProxy = CFCF6C152418745700E8DCCD /* PBXContainerItemProxy */;
		};
		CFCF6C182418745700E8DCCD /* PBXTargetDependency */ = {
			isa = PBXTargetDependency;
			target = CF84FF74241335080089CD4F /* EliteHealth */;
			targetProxy = CFCF6C172418745700E8DCCD /* PBXContainerItemProxy */;
		};
		CFCF6C2F24187A0B00E8DCCD /* PBXTargetDependency */ = {
			isa = PBXTargetDependency;
			target = CFCF6C0A2418745700E8DCCD /* Common */;
			targetProxy = CFCF6C2E24187A0B00E8DCCD /* PBXContainerItemProxy */;
		};
/* End PBXTargetDependency section */

/* Begin PBXVariantGroup section */
		CF84FF86241335090089CD4F /* LaunchScreen.storyboard */ = {
			isa = PBXVariantGroup;
			children = (
				CF84FF87241335090089CD4F /* Base */,
			);
			name = LaunchScreen.storyboard;
			sourceTree = "<group>";
		};
/* End PBXVariantGroup section */

/* Begin XCBuildConfiguration section */
		CF84000C24139ED60089CD4F /* Debug */ = {
			isa = XCBuildConfiguration;
			baseConfigurationReference = CF84001224139F100089CD4F /* Framework.xcconfig */;
			buildSettings = {
				CLANG_ENABLE_MODULES = YES;
				CODE_SIGN_STYLE = Automatic;
				CURRENT_PROJECT_VERSION = 1;
				DEFINES_MODULE = YES;
				DEVELOPMENT_TEAM = 28B4UGC4GQ;
				DYLIB_COMPATIBILITY_VERSION = 1;
				DYLIB_CURRENT_VERSION = 1;
				DYLIB_INSTALL_NAME_BASE = "@rpath";
				INFOPLIST_FILE = HealthData/Info.plist;
				INSTALL_PATH = "$(LOCAL_LIBRARY_DIR)/Frameworks";
				LD_RUNPATH_SEARCH_PATHS = (
					"$(inherited)",
					"@executable_path/Frameworks",
					"@loader_path/Frameworks",
				);
				PRODUCT_BUNDLE_IDENTIFIER = com.pddkhanh.HealthData;
				PRODUCT_NAME = "$(TARGET_NAME:c99extidentifier)";
				SKIP_INSTALL = YES;
				SWIFT_OPTIMIZATION_LEVEL = "-Onone";
				SWIFT_VERSION = 5.0;
				TARGETED_DEVICE_FAMILY = "1,2";
				VERSIONING_SYSTEM = "apple-generic";
				VERSION_INFO_PREFIX = "";
			};
			name = Debug;
		};
		CF84000D24139ED60089CD4F /* Release */ = {
			isa = XCBuildConfiguration;
			baseConfigurationReference = CF84001224139F100089CD4F /* Framework.xcconfig */;
			buildSettings = {
				CLANG_ENABLE_MODULES = YES;
				CODE_SIGN_STYLE = Automatic;
				CURRENT_PROJECT_VERSION = 1;
				DEFINES_MODULE = YES;
				DEVELOPMENT_TEAM = 28B4UGC4GQ;
				DYLIB_COMPATIBILITY_VERSION = 1;
				DYLIB_CURRENT_VERSION = 1;
				DYLIB_INSTALL_NAME_BASE = "@rpath";
				INFOPLIST_FILE = HealthData/Info.plist;
				INSTALL_PATH = "$(LOCAL_LIBRARY_DIR)/Frameworks";
				LD_RUNPATH_SEARCH_PATHS = (
					"$(inherited)",
					"@executable_path/Frameworks",
					"@loader_path/Frameworks",
				);
				PRODUCT_BUNDLE_IDENTIFIER = com.pddkhanh.HealthData;
				PRODUCT_NAME = "$(TARGET_NAME:c99extidentifier)";
				SKIP_INSTALL = YES;
				SWIFT_VERSION = 5.0;
				TARGETED_DEVICE_FAMILY = "1,2";
				VERSIONING_SYSTEM = "apple-generic";
				VERSION_INFO_PREFIX = "";
			};
			name = Release;
		};
		CF84000F24139ED60089CD4F /* Debug */ = {
			isa = XCBuildConfiguration;
			buildSettings = {
				ALWAYS_EMBED_SWIFT_STANDARD_LIBRARIES = YES;
				CLANG_ENABLE_MODULES = YES;
				CODE_SIGN_STYLE = Automatic;
				DEVELOPMENT_TEAM = 28B4UGC4GQ;
				INFOPLIST_FILE = HealthDataTests/Info.plist;
				LD_RUNPATH_SEARCH_PATHS = (
					"$(inherited)",
					"@executable_path/Frameworks",
					"@loader_path/Frameworks",
				);
				PRODUCT_BUNDLE_IDENTIFIER = com.pddkhanh.HealthDataTests;
				PRODUCT_NAME = "$(TARGET_NAME)";
				SWIFT_OPTIMIZATION_LEVEL = "-Onone";
				SWIFT_VERSION = 5.0;
				TARGETED_DEVICE_FAMILY = "1,2";
				TEST_HOST = "$(BUILT_PRODUCTS_DIR)/EliteHealth.app/EliteHealth";
			};
			name = Debug;
		};
		CF84001024139ED60089CD4F /* Release */ = {
			isa = XCBuildConfiguration;
			buildSettings = {
				ALWAYS_EMBED_SWIFT_STANDARD_LIBRARIES = YES;
				CLANG_ENABLE_MODULES = YES;
				CODE_SIGN_STYLE = Automatic;
				DEVELOPMENT_TEAM = 28B4UGC4GQ;
				INFOPLIST_FILE = HealthDataTests/Info.plist;
				LD_RUNPATH_SEARCH_PATHS = (
					"$(inherited)",
					"@executable_path/Frameworks",
					"@loader_path/Frameworks",
				);
				PRODUCT_BUNDLE_IDENTIFIER = com.pddkhanh.HealthDataTests;
				PRODUCT_NAME = "$(TARGET_NAME)";
				SWIFT_VERSION = 5.0;
				TARGETED_DEVICE_FAMILY = "1,2";
				TEST_HOST = "$(BUILT_PRODUCTS_DIR)/EliteHealth.app/EliteHealth";
			};
			name = Release;
		};
		CF84FF95241335090089CD4F /* Debug */ = {
			isa = XCBuildConfiguration;
			buildSettings = {
				ALWAYS_SEARCH_USER_PATHS = NO;
				CLANG_ANALYZER_NONNULL = YES;
				CLANG_ANALYZER_NUMBER_OBJECT_CONVERSION = YES_AGGRESSIVE;
				CLANG_CXX_LANGUAGE_STANDARD = "gnu++14";
				CLANG_CXX_LIBRARY = "libc++";
				CLANG_ENABLE_MODULES = YES;
				CLANG_ENABLE_OBJC_ARC = YES;
				CLANG_ENABLE_OBJC_WEAK = YES;
				CLANG_WARN_BLOCK_CAPTURE_AUTORELEASING = YES;
				CLANG_WARN_BOOL_CONVERSION = YES;
				CLANG_WARN_COMMA = YES;
				CLANG_WARN_CONSTANT_CONVERSION = YES;
				CLANG_WARN_DEPRECATED_OBJC_IMPLEMENTATIONS = YES;
				CLANG_WARN_DIRECT_OBJC_ISA_USAGE = YES_ERROR;
				CLANG_WARN_DOCUMENTATION_COMMENTS = YES;
				CLANG_WARN_EMPTY_BODY = YES;
				CLANG_WARN_ENUM_CONVERSION = YES;
				CLANG_WARN_INFINITE_RECURSION = YES;
				CLANG_WARN_INT_CONVERSION = YES;
				CLANG_WARN_NON_LITERAL_NULL_CONVERSION = YES;
				CLANG_WARN_OBJC_IMPLICIT_RETAIN_SELF = YES;
				CLANG_WARN_OBJC_LITERAL_CONVERSION = YES;
				CLANG_WARN_OBJC_ROOT_CLASS = YES_ERROR;
				CLANG_WARN_RANGE_LOOP_ANALYSIS = YES;
				CLANG_WARN_STRICT_PROTOTYPES = YES;
				CLANG_WARN_SUSPICIOUS_MOVE = YES;
				CLANG_WARN_UNGUARDED_AVAILABILITY = YES_AGGRESSIVE;
				CLANG_WARN_UNREACHABLE_CODE = YES;
				CLANG_WARN__DUPLICATE_METHOD_MATCH = YES;
				COPY_PHASE_STRIP = NO;
				DEBUG_INFORMATION_FORMAT = dwarf;
				ENABLE_STRICT_OBJC_MSGSEND = YES;
				ENABLE_TESTABILITY = YES;
				GCC_C_LANGUAGE_STANDARD = gnu11;
				GCC_DYNAMIC_NO_PIC = NO;
				GCC_NO_COMMON_BLOCKS = YES;
				GCC_OPTIMIZATION_LEVEL = 0;
				GCC_PREPROCESSOR_DEFINITIONS = (
					"DEBUG=1",
					"$(inherited)",
				);
				GCC_WARN_64_TO_32_BIT_CONVERSION = YES;
				GCC_WARN_ABOUT_RETURN_TYPE = YES_ERROR;
				GCC_WARN_UNDECLARED_SELECTOR = YES;
				GCC_WARN_UNINITIALIZED_AUTOS = YES_AGGRESSIVE;
				GCC_WARN_UNUSED_FUNCTION = YES;
				GCC_WARN_UNUSED_VARIABLE = YES;
				IPHONEOS_DEPLOYMENT_TARGET = 13.2;
				MTL_ENABLE_DEBUG_INFO = INCLUDE_SOURCE;
				MTL_FAST_MATH = YES;
				ONLY_ACTIVE_ARCH = YES;
				SDKROOT = iphoneos;
				SWIFT_ACTIVE_COMPILATION_CONDITIONS = DEBUG;
				SWIFT_OPTIMIZATION_LEVEL = "-Onone";
			};
			name = Debug;
		};
		CF84FF96241335090089CD4F /* Release */ = {
			isa = XCBuildConfiguration;
			buildSettings = {
				ALWAYS_SEARCH_USER_PATHS = NO;
				CLANG_ANALYZER_NONNULL = YES;
				CLANG_ANALYZER_NUMBER_OBJECT_CONVERSION = YES_AGGRESSIVE;
				CLANG_CXX_LANGUAGE_STANDARD = "gnu++14";
				CLANG_CXX_LIBRARY = "libc++";
				CLANG_ENABLE_MODULES = YES;
				CLANG_ENABLE_OBJC_ARC = YES;
				CLANG_ENABLE_OBJC_WEAK = YES;
				CLANG_WARN_BLOCK_CAPTURE_AUTORELEASING = YES;
				CLANG_WARN_BOOL_CONVERSION = YES;
				CLANG_WARN_COMMA = YES;
				CLANG_WARN_CONSTANT_CONVERSION = YES;
				CLANG_WARN_DEPRECATED_OBJC_IMPLEMENTATIONS = YES;
				CLANG_WARN_DIRECT_OBJC_ISA_USAGE = YES_ERROR;
				CLANG_WARN_DOCUMENTATION_COMMENTS = YES;
				CLANG_WARN_EMPTY_BODY = YES;
				CLANG_WARN_ENUM_CONVERSION = YES;
				CLANG_WARN_INFINITE_RECURSION = YES;
				CLANG_WARN_INT_CONVERSION = YES;
				CLANG_WARN_NON_LITERAL_NULL_CONVERSION = YES;
				CLANG_WARN_OBJC_IMPLICIT_RETAIN_SELF = YES;
				CLANG_WARN_OBJC_LITERAL_CONVERSION = YES;
				CLANG_WARN_OBJC_ROOT_CLASS = YES_ERROR;
				CLANG_WARN_RANGE_LOOP_ANALYSIS = YES;
				CLANG_WARN_STRICT_PROTOTYPES = YES;
				CLANG_WARN_SUSPICIOUS_MOVE = YES;
				CLANG_WARN_UNGUARDED_AVAILABILITY = YES_AGGRESSIVE;
				CLANG_WARN_UNREACHABLE_CODE = YES;
				CLANG_WARN__DUPLICATE_METHOD_MATCH = YES;
				COPY_PHASE_STRIP = NO;
				DEBUG_INFORMATION_FORMAT = "dwarf-with-dsym";
				ENABLE_NS_ASSERTIONS = NO;
				ENABLE_STRICT_OBJC_MSGSEND = YES;
				GCC_C_LANGUAGE_STANDARD = gnu11;
				GCC_NO_COMMON_BLOCKS = YES;
				GCC_WARN_64_TO_32_BIT_CONVERSION = YES;
				GCC_WARN_ABOUT_RETURN_TYPE = YES_ERROR;
				GCC_WARN_UNDECLARED_SELECTOR = YES;
				GCC_WARN_UNINITIALIZED_AUTOS = YES_AGGRESSIVE;
				GCC_WARN_UNUSED_FUNCTION = YES;
				GCC_WARN_UNUSED_VARIABLE = YES;
				IPHONEOS_DEPLOYMENT_TARGET = 13.2;
				MTL_ENABLE_DEBUG_INFO = NO;
				MTL_FAST_MATH = YES;
				SDKROOT = iphoneos;
				SWIFT_COMPILATION_MODE = wholemodule;
				SWIFT_OPTIMIZATION_LEVEL = "-O";
				VALIDATE_PRODUCT = YES;
			};
			name = Release;
		};
		CF84FF98241335090089CD4F /* Debug */ = {
			isa = XCBuildConfiguration;
			buildSettings = {
				ASSETCATALOG_COMPILER_APPICON_NAME = AppIcon;
				CODE_SIGN_ENTITLEMENTS = EliteHealth/EliteHealth.entitlements;
				CODE_SIGN_STYLE = Automatic;
				CURRENT_PROJECT_VERSION = 1;
				DEVELOPMENT_ASSET_PATHS = "\"EliteHealth/Preview Content\"";
				DEVELOPMENT_TEAM = 28B4UGC4GQ;
				ENABLE_PREVIEWS = YES;
				INFOPLIST_FILE = EliteHealth/Info.plist;
				LD_RUNPATH_SEARCH_PATHS = (
					"$(inherited)",
					"@executable_path/Frameworks",
				);
				PRODUCT_BUNDLE_IDENTIFIER = com.pddkhanh.EliteHealth;
				PRODUCT_NAME = "$(TARGET_NAME)";
				SWIFT_VERSION = 5.0;
				TARGETED_DEVICE_FAMILY = "1,2";
				VERSIONING_SYSTEM = "apple-generic";
			};
			name = Debug;
		};
		CF84FF99241335090089CD4F /* Release */ = {
			isa = XCBuildConfiguration;
			buildSettings = {
				ASSETCATALOG_COMPILER_APPICON_NAME = AppIcon;
				CODE_SIGN_ENTITLEMENTS = EliteHealth/EliteHealth.entitlements;
				CODE_SIGN_STYLE = Automatic;
				CURRENT_PROJECT_VERSION = 1;
				DEVELOPMENT_ASSET_PATHS = "\"EliteHealth/Preview Content\"";
				DEVELOPMENT_TEAM = 28B4UGC4GQ;
				ENABLE_PREVIEWS = YES;
				INFOPLIST_FILE = EliteHealth/Info.plist;
				LD_RUNPATH_SEARCH_PATHS = (
					"$(inherited)",
					"@executable_path/Frameworks",
				);
				PRODUCT_BUNDLE_IDENTIFIER = com.pddkhanh.EliteHealth;
				PRODUCT_NAME = "$(TARGET_NAME)";
				SWIFT_VERSION = 5.0;
				TARGETED_DEVICE_FAMILY = "1,2";
				VERSIONING_SYSTEM = "apple-generic";
			};
			name = Release;
		};
		CF84FF9B241335090089CD4F /* Debug */ = {
			isa = XCBuildConfiguration;
			buildSettings = {
				ALWAYS_EMBED_SWIFT_STANDARD_LIBRARIES = YES;
				BUNDLE_LOADER = "$(TEST_HOST)";
				CODE_SIGN_STYLE = Automatic;
				DEVELOPMENT_TEAM = 28B4UGC4GQ;
				INFOPLIST_FILE = EliteHealthTests/Info.plist;
				IPHONEOS_DEPLOYMENT_TARGET = 13.2;
				LD_RUNPATH_SEARCH_PATHS = (
					"$(inherited)",
					"@executable_path/Frameworks",
					"@loader_path/Frameworks",
				);
				PRODUCT_BUNDLE_IDENTIFIER = com.pddkhanh.EliteHealthTests;
				PRODUCT_NAME = "$(TARGET_NAME)";
				SWIFT_VERSION = 5.0;
				TARGETED_DEVICE_FAMILY = "1,2";
				TEST_HOST = "$(BUILT_PRODUCTS_DIR)/EliteHealth.app/EliteHealth";
			};
			name = Debug;
		};
		CF84FF9C241335090089CD4F /* Release */ = {
			isa = XCBuildConfiguration;
			buildSettings = {
				ALWAYS_EMBED_SWIFT_STANDARD_LIBRARIES = YES;
				BUNDLE_LOADER = "$(TEST_HOST)";
				CODE_SIGN_STYLE = Automatic;
				DEVELOPMENT_TEAM = 28B4UGC4GQ;
				INFOPLIST_FILE = EliteHealthTests/Info.plist;
				IPHONEOS_DEPLOYMENT_TARGET = 13.2;
				LD_RUNPATH_SEARCH_PATHS = (
					"$(inherited)",
					"@executable_path/Frameworks",
					"@loader_path/Frameworks",
				);
				PRODUCT_BUNDLE_IDENTIFIER = com.pddkhanh.EliteHealthTests;
				PRODUCT_NAME = "$(TARGET_NAME)";
				SWIFT_VERSION = 5.0;
				TARGETED_DEVICE_FAMILY = "1,2";
				TEST_HOST = "$(BUILT_PRODUCTS_DIR)/EliteHealth.app/EliteHealth";
			};
			name = Release;
		};
		CF84FFDF241395E80089CD4F /* Debug */ = {
			isa = XCBuildConfiguration;
			baseConfigurationReference = CF84001224139F100089CD4F /* Framework.xcconfig */;
			buildSettings = {
				CODE_SIGN_STYLE = Automatic;
				CURRENT_PROJECT_VERSION = 1;
				DEFINES_MODULE = YES;
				DEVELOPMENT_TEAM = 28B4UGC4GQ;
				DYLIB_COMPATIBILITY_VERSION = 1;
				DYLIB_CURRENT_VERSION = 1;
				DYLIB_INSTALL_NAME_BASE = "@rpath";
				INFOPLIST_FILE = RunningInterface/Info.plist;
				INSTALL_PATH = "$(LOCAL_LIBRARY_DIR)/Frameworks";
				LD_RUNPATH_SEARCH_PATHS = (
					"$(inherited)",
					"@executable_path/Frameworks",
					"@loader_path/Frameworks",
				);
				PRODUCT_BUNDLE_IDENTIFIER = com.pddkhanh.RunningInterface;
				PRODUCT_NAME = "$(TARGET_NAME:c99extidentifier)";
				SKIP_INSTALL = YES;
				SWIFT_VERSION = 5.0;
				TARGETED_DEVICE_FAMILY = "1,2";
				VERSIONING_SYSTEM = "apple-generic";
				VERSION_INFO_PREFIX = "";
			};
			name = Debug;
		};
		CF84FFE0241395E80089CD4F /* Release */ = {
			isa = XCBuildConfiguration;
			baseConfigurationReference = CF84001224139F100089CD4F /* Framework.xcconfig */;
			buildSettings = {
				CODE_SIGN_STYLE = Automatic;
				CURRENT_PROJECT_VERSION = 1;
				DEFINES_MODULE = YES;
				DEVELOPMENT_TEAM = 28B4UGC4GQ;
				DYLIB_COMPATIBILITY_VERSION = 1;
				DYLIB_CURRENT_VERSION = 1;
				DYLIB_INSTALL_NAME_BASE = "@rpath";
				INFOPLIST_FILE = RunningInterface/Info.plist;
				INSTALL_PATH = "$(LOCAL_LIBRARY_DIR)/Frameworks";
				LD_RUNPATH_SEARCH_PATHS = (
					"$(inherited)",
					"@executable_path/Frameworks",
					"@loader_path/Frameworks",
				);
				PRODUCT_BUNDLE_IDENTIFIER = com.pddkhanh.RunningInterface;
				PRODUCT_NAME = "$(TARGET_NAME:c99extidentifier)";
				SKIP_INSTALL = YES;
				SWIFT_VERSION = 5.0;
				TARGETED_DEVICE_FAMILY = "1,2";
				VERSIONING_SYSTEM = "apple-generic";
				VERSION_INFO_PREFIX = "";
			};
			name = Release;
		};
		CF84FFE2241395E90089CD4F /* Debug */ = {
			isa = XCBuildConfiguration;
			buildSettings = {
				ALWAYS_EMBED_SWIFT_STANDARD_LIBRARIES = YES;
				CLANG_ENABLE_MODULES = YES;
				CODE_SIGN_STYLE = Automatic;
				DEVELOPMENT_TEAM = 28B4UGC4GQ;
				INFOPLIST_FILE = RunningInterfaceTests/Info.plist;
				LD_RUNPATH_SEARCH_PATHS = (
					"$(inherited)",
					"@executable_path/Frameworks",
					"@loader_path/Frameworks",
				);
				PRODUCT_BUNDLE_IDENTIFIER = com.pddkhanh.RunningInterfaceTests;
				PRODUCT_NAME = "$(TARGET_NAME)";
				SWIFT_OPTIMIZATION_LEVEL = "-Onone";
				SWIFT_VERSION = 5.0;
				TARGETED_DEVICE_FAMILY = "1,2";
				TEST_HOST = "$(BUILT_PRODUCTS_DIR)/EliteHealth.app/EliteHealth";
			};
			name = Debug;
		};
		CF84FFE3241395E90089CD4F /* Release */ = {
			isa = XCBuildConfiguration;
			buildSettings = {
				ALWAYS_EMBED_SWIFT_STANDARD_LIBRARIES = YES;
				CLANG_ENABLE_MODULES = YES;
				CODE_SIGN_STYLE = Automatic;
				DEVELOPMENT_TEAM = 28B4UGC4GQ;
				INFOPLIST_FILE = RunningInterfaceTests/Info.plist;
				LD_RUNPATH_SEARCH_PATHS = (
					"$(inherited)",
					"@executable_path/Frameworks",
					"@loader_path/Frameworks",
				);
				PRODUCT_BUNDLE_IDENTIFIER = com.pddkhanh.RunningInterfaceTests;
				PRODUCT_NAME = "$(TARGET_NAME)";
				SWIFT_VERSION = 5.0;
				TARGETED_DEVICE_FAMILY = "1,2";
				TEST_HOST = "$(BUILT_PRODUCTS_DIR)/EliteHealth.app/EliteHealth";
			};
			name = Release;
		};
		CFCF6C232418745700E8DCCD /* Debug */ = {
			isa = XCBuildConfiguration;
			baseConfigurationReference = CF84001224139F100089CD4F /* Framework.xcconfig */;
			buildSettings = {
				CLANG_ENABLE_MODULES = YES;
				CODE_SIGN_STYLE = Automatic;
				CURRENT_PROJECT_VERSION = 1;
				DEFINES_MODULE = YES;
				DEVELOPMENT_TEAM = 28B4UGC4GQ;
				DYLIB_COMPATIBILITY_VERSION = 1;
				DYLIB_CURRENT_VERSION = 1;
				DYLIB_INSTALL_NAME_BASE = "@rpath";
				INFOPLIST_FILE = Common/Info.plist;
				INSTALL_PATH = "$(LOCAL_LIBRARY_DIR)/Frameworks";
				LD_RUNPATH_SEARCH_PATHS = (
					"$(inherited)",
					"@executable_path/Frameworks",
					"@loader_path/Frameworks",
				);
				PRODUCT_BUNDLE_IDENTIFIER = com.pddkhanh.Common;
				PRODUCT_NAME = "$(TARGET_NAME:c99extidentifier)";
				SKIP_INSTALL = YES;
				SWIFT_OPTIMIZATION_LEVEL = "-Onone";
				SWIFT_VERSION = 5.0;
				TARGETED_DEVICE_FAMILY = "1,2";
				VERSIONING_SYSTEM = "apple-generic";
				VERSION_INFO_PREFIX = "";
			};
			name = Debug;
		};
		CFCF6C242418745700E8DCCD /* Release */ = {
			isa = XCBuildConfiguration;
			baseConfigurationReference = CF84001224139F100089CD4F /* Framework.xcconfig */;
			buildSettings = {
				CLANG_ENABLE_MODULES = YES;
				CODE_SIGN_STYLE = Automatic;
				CURRENT_PROJECT_VERSION = 1;
				DEFINES_MODULE = YES;
				DEVELOPMENT_TEAM = 28B4UGC4GQ;
				DYLIB_COMPATIBILITY_VERSION = 1;
				DYLIB_CURRENT_VERSION = 1;
				DYLIB_INSTALL_NAME_BASE = "@rpath";
				INFOPLIST_FILE = Common/Info.plist;
				INSTALL_PATH = "$(LOCAL_LIBRARY_DIR)/Frameworks";
				LD_RUNPATH_SEARCH_PATHS = (
					"$(inherited)",
					"@executable_path/Frameworks",
					"@loader_path/Frameworks",
				);
				PRODUCT_BUNDLE_IDENTIFIER = com.pddkhanh.Common;
				PRODUCT_NAME = "$(TARGET_NAME:c99extidentifier)";
				SKIP_INSTALL = YES;
				SWIFT_VERSION = 5.0;
				TARGETED_DEVICE_FAMILY = "1,2";
				VERSIONING_SYSTEM = "apple-generic";
				VERSION_INFO_PREFIX = "";
			};
			name = Release;
		};
		CFCF6C252418745700E8DCCD /* Debug */ = {
			isa = XCBuildConfiguration;
			buildSettings = {
				ALWAYS_EMBED_SWIFT_STANDARD_LIBRARIES = YES;
				CODE_SIGN_STYLE = Automatic;
				DEVELOPMENT_TEAM = 28B4UGC4GQ;
				INFOPLIST_FILE = CommonTests/Info.plist;
				LD_RUNPATH_SEARCH_PATHS = (
					"$(inherited)",
					"@executable_path/Frameworks",
					"@loader_path/Frameworks",
				);
				PRODUCT_BUNDLE_IDENTIFIER = com.pddkhanh.CommonTests;
				PRODUCT_NAME = "$(TARGET_NAME)";
				SWIFT_VERSION = 5.0;
				TARGETED_DEVICE_FAMILY = "1,2";
				TEST_HOST = "$(BUILT_PRODUCTS_DIR)/EliteHealth.app/EliteHealth";
			};
			name = Debug;
		};
		CFCF6C262418745700E8DCCD /* Release */ = {
			isa = XCBuildConfiguration;
			buildSettings = {
				ALWAYS_EMBED_SWIFT_STANDARD_LIBRARIES = YES;
				CODE_SIGN_STYLE = Automatic;
				DEVELOPMENT_TEAM = 28B4UGC4GQ;
				INFOPLIST_FILE = CommonTests/Info.plist;
				LD_RUNPATH_SEARCH_PATHS = (
					"$(inherited)",
					"@executable_path/Frameworks",
					"@loader_path/Frameworks",
				);
				PRODUCT_BUNDLE_IDENTIFIER = com.pddkhanh.CommonTests;
				PRODUCT_NAME = "$(TARGET_NAME)";
				SWIFT_VERSION = 5.0;
				TARGETED_DEVICE_FAMILY = "1,2";
				TEST_HOST = "$(BUILT_PRODUCTS_DIR)/EliteHealth.app/EliteHealth";
			};
			name = Release;
		};
/* End XCBuildConfiguration section */

/* Begin XCConfigurationList section */
		CF84000B24139ED60089CD4F /* Build configuration list for PBXNativeTarget "HealthData" */ = {
			isa = XCConfigurationList;
			buildConfigurations = (
				CF84000C24139ED60089CD4F /* Debug */,
				CF84000D24139ED60089CD4F /* Release */,
			);
			defaultConfigurationIsVisible = 0;
			defaultConfigurationName = Release;
		};
		CF84000E24139ED60089CD4F /* Build configuration list for PBXNativeTarget "HealthDataTests" */ = {
			isa = XCConfigurationList;
			buildConfigurations = (
				CF84000F24139ED60089CD4F /* Debug */,
				CF84001024139ED60089CD4F /* Release */,
			);
			defaultConfigurationIsVisible = 0;
			defaultConfigurationName = Release;
		};
		CF84FF70241335080089CD4F /* Build configuration list for PBXProject "EliteHealth" */ = {
			isa = XCConfigurationList;
			buildConfigurations = (
				CF84FF95241335090089CD4F /* Debug */,
				CF84FF96241335090089CD4F /* Release */,
			);
			defaultConfigurationIsVisible = 0;
			defaultConfigurationName = Release;
		};
		CF84FF97241335090089CD4F /* Build configuration list for PBXNativeTarget "EliteHealth" */ = {
			isa = XCConfigurationList;
			buildConfigurations = (
				CF84FF98241335090089CD4F /* Debug */,
				CF84FF99241335090089CD4F /* Release */,
			);
			defaultConfigurationIsVisible = 0;
			defaultConfigurationName = Release;
		};
		CF84FF9A241335090089CD4F /* Build configuration list for PBXNativeTarget "EliteHealthTests" */ = {
			isa = XCConfigurationList;
			buildConfigurations = (
				CF84FF9B241335090089CD4F /* Debug */,
				CF84FF9C241335090089CD4F /* Release */,
			);
			defaultConfigurationIsVisible = 0;
			defaultConfigurationName = Release;
		};
		CF84FFDE241395E80089CD4F /* Build configuration list for PBXNativeTarget "RunningInterface" */ = {
			isa = XCConfigurationList;
			buildConfigurations = (
				CF84FFDF241395E80089CD4F /* Debug */,
				CF84FFE0241395E80089CD4F /* Release */,
			);
			defaultConfigurationIsVisible = 0;
			defaultConfigurationName = Release;
		};
		CF84FFE1241395E90089CD4F /* Build configuration list for PBXNativeTarget "RunningInterfaceTests" */ = {
			isa = XCConfigurationList;
			buildConfigurations = (
				CF84FFE2241395E90089CD4F /* Debug */,
				CF84FFE3241395E90089CD4F /* Release */,
			);
			defaultConfigurationIsVisible = 0;
			defaultConfigurationName = Release;
		};
		CFCF6C272418745700E8DCCD /* Build configuration list for PBXNativeTarget "Common" */ = {
			isa = XCConfigurationList;
			buildConfigurations = (
				CFCF6C232418745700E8DCCD /* Debug */,
				CFCF6C242418745700E8DCCD /* Release */,
			);
			defaultConfigurationIsVisible = 0;
			defaultConfigurationName = Release;
		};
		CFCF6C282418745700E8DCCD /* Build configuration list for PBXNativeTarget "CommonTests" */ = {
			isa = XCConfigurationList;
			buildConfigurations = (
				CFCF6C252418745700E8DCCD /* Debug */,
				CFCF6C262418745700E8DCCD /* Release */,
			);
			defaultConfigurationIsVisible = 0;
			defaultConfigurationName = Release;
		};
/* End XCConfigurationList section */
	};
	rootObject = CF84FF6D241335080089CD4F /* Project object */;
}
